// !$*UTF8*$!
{
	archiveVersion = 1;
	classes = {
	};
	objectVersion = 50;
	objects = {

/* Begin PBXBuildFile section */
		750B753526DE20360039B9FF /* Tests_iOS.swift in Sources */ = {isa = PBXBuildFile; fileRef = 750B753426DE20360039B9FF /* Tests_iOS.swift */; };
		750B754026DE20360039B9FF /* Tests_macOS.swift in Sources */ = {isa = PBXBuildFile; fileRef = 750B753F26DE20360039B9FF /* Tests_macOS.swift */; };
		750B754226DE20360039B9FF /* Pack_my_Bag.xcdatamodeld in Sources */ = {isa = PBXBuildFile; fileRef = 750B751626DE202F0039B9FF /* Pack_my_Bag.xcdatamodeld */; };
		750B754326DE20360039B9FF /* Pack_my_Bag.xcdatamodeld in Sources */ = {isa = PBXBuildFile; fileRef = 750B751626DE202F0039B9FF /* Pack_my_Bag.xcdatamodeld */; };
		750B754426DE20360039B9FF /* Pack_my_BagApp.swift in Sources */ = {isa = PBXBuildFile; fileRef = 750B751826DE202F0039B9FF /* Pack_my_BagApp.swift */; };
		750B754526DE20360039B9FF /* Pack_my_BagApp.swift in Sources */ = {isa = PBXBuildFile; fileRef = 750B751826DE202F0039B9FF /* Pack_my_BagApp.swift */; };
		750B754626DE20360039B9FF /* ContentView.swift in Sources */ = {isa = PBXBuildFile; fileRef = 750B751926DE202F0039B9FF /* ContentView.swift */; };
		750B754726DE20360039B9FF /* ContentView.swift in Sources */ = {isa = PBXBuildFile; fileRef = 750B751926DE202F0039B9FF /* ContentView.swift */; };
		750B754826DE20360039B9FF /* Persistence.swift in Sources */ = {isa = PBXBuildFile; fileRef = 750B751A26DE202F0039B9FF /* Persistence.swift */; };
		750B754926DE20360039B9FF /* Persistence.swift in Sources */ = {isa = PBXBuildFile; fileRef = 750B751A26DE202F0039B9FF /* Persistence.swift */; };
		750B754A26DE20360039B9FF /* Assets.xcassets in Resources */ = {isa = PBXBuildFile; fileRef = 750B751B26DE20360039B9FF /* Assets.xcassets */; };
		750B754B26DE20360039B9FF /* Assets.xcassets in Resources */ = {isa = PBXBuildFile; fileRef = 750B751B26DE20360039B9FF /* Assets.xcassets */; };
		750B756326DE20B10039B9FF /* ItemView.swift in Sources */ = {isa = PBXBuildFile; fileRef = 750B755E26DE20B00039B9FF /* ItemView.swift */; };
		750B756426DE20B10039B9FF /* ItemView.swift in Sources */ = {isa = PBXBuildFile; fileRef = 750B755E26DE20B00039B9FF /* ItemView.swift */; };
		750B756526DE20B10039B9FF /* AppModel.swift in Sources */ = {isa = PBXBuildFile; fileRef = 750B755F26DE20B00039B9FF /* AppModel.swift */; };
		750B756626DE20B10039B9FF /* AppModel.swift in Sources */ = {isa = PBXBuildFile; fileRef = 750B755F26DE20B00039B9FF /* AppModel.swift */; };
		750B756726DE20B10039B9FF /* NewContainerView.swift in Sources */ = {isa = PBXBuildFile; fileRef = 750B756026DE20B00039B9FF /* NewContainerView.swift */; };
		750B756826DE20B10039B9FF /* NewContainerView.swift in Sources */ = {isa = PBXBuildFile; fileRef = 750B756026DE20B00039B9FF /* NewContainerView.swift */; };
		750B756926DE20B10039B9FF /* NewItemView.swift in Sources */ = {isa = PBXBuildFile; fileRef = 750B756126DE20B10039B9FF /* NewItemView.swift */; };
		750B756A26DE20B10039B9FF /* NewItemView.swift in Sources */ = {isa = PBXBuildFile; fileRef = 750B756126DE20B10039B9FF /* NewItemView.swift */; };
		750B757926DE22020039B9FF /* Item+CoreDataClass.swift in Sources */ = {isa = PBXBuildFile; fileRef = 750B757526DE22020039B9FF /* Item+CoreDataClass.swift */; };
		750B757A26DE22020039B9FF /* Item+CoreDataClass.swift in Sources */ = {isa = PBXBuildFile; fileRef = 750B757526DE22020039B9FF /* Item+CoreDataClass.swift */; };
		750B757B26DE22020039B9FF /* Item+CoreDataProperties.swift in Sources */ = {isa = PBXBuildFile; fileRef = 750B757626DE22020039B9FF /* Item+CoreDataProperties.swift */; };
		750B757C26DE22020039B9FF /* Item+CoreDataProperties.swift in Sources */ = {isa = PBXBuildFile; fileRef = 750B757626DE22020039B9FF /* Item+CoreDataProperties.swift */; };
		750B757D26DE22020039B9FF /* Container+CoreDataClass.swift in Sources */ = {isa = PBXBuildFile; fileRef = 750B757726DE22020039B9FF /* Container+CoreDataClass.swift */; };
		750B757E26DE22020039B9FF /* Container+CoreDataClass.swift in Sources */ = {isa = PBXBuildFile; fileRef = 750B757726DE22020039B9FF /* Container+CoreDataClass.swift */; };
		750B757F26DE22020039B9FF /* Container+CoreDataProperties.swift in Sources */ = {isa = PBXBuildFile; fileRef = 750B757826DE22020039B9FF /* Container+CoreDataProperties.swift */; };
		750B758026DE22020039B9FF /* Container+CoreDataProperties.swift in Sources */ = {isa = PBXBuildFile; fileRef = 750B757826DE22020039B9FF /* Container+CoreDataProperties.swift */; };
		750B758F26DE246B0039B9FF /* Container.swift in Sources */ = {isa = PBXBuildFile; fileRef = 750B758E26DE246B0039B9FF /* Container.swift */; };
		750B759026DE246B0039B9FF /* Container.swift in Sources */ = {isa = PBXBuildFile; fileRef = 750B758E26DE246B0039B9FF /* Container.swift */; };
		75AA309726DF91CD00C6A051 /* ItemViewModel.swift in Sources */ = {isa = PBXBuildFile; fileRef = 75AA309626DF91CD00C6A051 /* ItemViewModel.swift */; };
		75AA309826DF91CD00C6A051 /* ItemViewModel.swift in Sources */ = {isa = PBXBuildFile; fileRef = 75AA309626DF91CD00C6A051 /* ItemViewModel.swift */; };
		75AA30AE26DF99DE00C6A051 /* ContainerView.swift in Sources */ = {isa = PBXBuildFile; fileRef = 75AA30AD26DF99DE00C6A051 /* ContainerView.swift */; };
		75AA30AF26DF99DE00C6A051 /* ContainerView.swift in Sources */ = {isa = PBXBuildFile; fileRef = 75AA30AD26DF99DE00C6A051 /* ContainerView.swift */; };
		75AA30B526DF9A2700C6A051 /* ContainerViewModel.swift in Sources */ = {isa = PBXBuildFile; fileRef = 75AA30B426DF9A2700C6A051 /* ContainerViewModel.swift */; };
		75AA30B626DF9A2700C6A051 /* ContainerViewModel.swift in Sources */ = {isa = PBXBuildFile; fileRef = 75AA30B426DF9A2700C6A051 /* ContainerViewModel.swift */; };
		75AA30CF26E4A02D00C6A051 /* PackingListView.swift in Sources */ = {isa = PBXBuildFile; fileRef = 75AA30CE26E4A02D00C6A051 /* PackingListView.swift */; };
		75AA30D026E4A02D00C6A051 /* PackingListView.swift in Sources */ = {isa = PBXBuildFile; fileRef = 75AA30CE26E4A02D00C6A051 /* PackingListView.swift */; };
		75AA30DD26E4A37600C6A051 /* PackingList+CoreDataClass.swift in Sources */ = {isa = PBXBuildFile; fileRef = 75AA30DB26E4A37600C6A051 /* PackingList+CoreDataClass.swift */; };
		75AA30DE26E4A37600C6A051 /* PackingList+CoreDataClass.swift in Sources */ = {isa = PBXBuildFile; fileRef = 75AA30DB26E4A37600C6A051 /* PackingList+CoreDataClass.swift */; };
		75AA30DF26E4A37600C6A051 /* PackingList+CoreDataProperties.swift in Sources */ = {isa = PBXBuildFile; fileRef = 75AA30DC26E4A37600C6A051 /* PackingList+CoreDataProperties.swift */; };
		75AA30E026E4A37600C6A051 /* PackingList+CoreDataProperties.swift in Sources */ = {isa = PBXBuildFile; fileRef = 75AA30DC26E4A37600C6A051 /* PackingList+CoreDataProperties.swift */; };
		75AA30F226E4A3D000C6A051 /* PackingList.swift in Sources */ = {isa = PBXBuildFile; fileRef = 75AA30F126E4A3D000C6A051 /* PackingList.swift */; };
		75AA30F326E4A3D000C6A051 /* PackingList.swift in Sources */ = {isa = PBXBuildFile; fileRef = 75AA30F126E4A3D000C6A051 /* PackingList.swift */; };
/* End PBXBuildFile section */

/* Begin PBXContainerItemProxy section */
		750B753126DE20360039B9FF /* PBXContainerItemProxy */ = {
			isa = PBXContainerItemProxy;
			containerPortal = 750B751126DE202E0039B9FF /* Project object */;
			proxyType = 1;
			remoteGlobalIDString = 750B751F26DE20360039B9FF;
			remoteInfo = "Pack my Bag (iOS)";
		};
		750B753C26DE20360039B9FF /* PBXContainerItemProxy */ = {
			isa = PBXContainerItemProxy;
			containerPortal = 750B751126DE202E0039B9FF /* Project object */;
			proxyType = 1;
			remoteGlobalIDString = 750B752726DE20360039B9FF;
			remoteInfo = "Pack my Bag (macOS)";
		};
/* End PBXContainerItemProxy section */

/* Begin PBXFileReference section */
		750B751726DE202F0039B9FF /* Shared.xcdatamodel */ = {isa = PBXFileReference; lastKnownFileType = wrapper.xcdatamodel; path = Shared.xcdatamodel; sourceTree = "<group>"; };
		750B751826DE202F0039B9FF /* Pack_my_BagApp.swift */ = {isa = PBXFileReference; lastKnownFileType = sourcecode.swift; path = Pack_my_BagApp.swift; sourceTree = "<group>"; };
		750B751926DE202F0039B9FF /* ContentView.swift */ = {isa = PBXFileReference; lastKnownFileType = sourcecode.swift; path = ContentView.swift; sourceTree = "<group>"; };
		750B751A26DE202F0039B9FF /* Persistence.swift */ = {isa = PBXFileReference; lastKnownFileType = sourcecode.swift; path = Persistence.swift; sourceTree = "<group>"; };
		750B751B26DE20360039B9FF /* Assets.xcassets */ = {isa = PBXFileReference; lastKnownFileType = folder.assetcatalog; path = Assets.xcassets; sourceTree = "<group>"; };
		750B752026DE20360039B9FF /* Pack my Bag.app */ = {isa = PBXFileReference; explicitFileType = wrapper.application; includeInIndex = 0; path = "Pack my Bag.app"; sourceTree = BUILT_PRODUCTS_DIR; };
		750B752326DE20360039B9FF /* Info.plist */ = {isa = PBXFileReference; lastKnownFileType = text.plist.xml; path = Info.plist; sourceTree = "<group>"; };
		750B752826DE20360039B9FF /* Pack my Bag.app */ = {isa = PBXFileReference; explicitFileType = wrapper.application; includeInIndex = 0; path = "Pack my Bag.app"; sourceTree = BUILT_PRODUCTS_DIR; };
		750B752A26DE20360039B9FF /* Info.plist */ = {isa = PBXFileReference; lastKnownFileType = text.plist.xml; path = Info.plist; sourceTree = "<group>"; };
		750B752B26DE20360039B9FF /* macOS.entitlements */ = {isa = PBXFileReference; lastKnownFileType = text.plist.entitlements; path = macOS.entitlements; sourceTree = "<group>"; };
		750B753026DE20360039B9FF /* Tests iOS.xctest */ = {isa = PBXFileReference; explicitFileType = wrapper.cfbundle; includeInIndex = 0; path = "Tests iOS.xctest"; sourceTree = BUILT_PRODUCTS_DIR; };
		750B753426DE20360039B9FF /* Tests_iOS.swift */ = {isa = PBXFileReference; lastKnownFileType = sourcecode.swift; path = Tests_iOS.swift; sourceTree = "<group>"; };
		750B753626DE20360039B9FF /* Info.plist */ = {isa = PBXFileReference; lastKnownFileType = text.plist.xml; path = Info.plist; sourceTree = "<group>"; };
		750B753B26DE20360039B9FF /* Tests macOS.xctest */ = {isa = PBXFileReference; explicitFileType = wrapper.cfbundle; includeInIndex = 0; path = "Tests macOS.xctest"; sourceTree = BUILT_PRODUCTS_DIR; };
		750B753F26DE20360039B9FF /* Tests_macOS.swift */ = {isa = PBXFileReference; lastKnownFileType = sourcecode.swift; path = Tests_macOS.swift; sourceTree = "<group>"; };
		750B754126DE20360039B9FF /* Info.plist */ = {isa = PBXFileReference; lastKnownFileType = text.plist.xml; path = Info.plist; sourceTree = "<group>"; };
		750B755E26DE20B00039B9FF /* ItemView.swift */ = {isa = PBXFileReference; fileEncoding = 4; lastKnownFileType = sourcecode.swift; path = ItemView.swift; sourceTree = "<group>"; };
		750B755F26DE20B00039B9FF /* AppModel.swift */ = {isa = PBXFileReference; fileEncoding = 4; lastKnownFileType = sourcecode.swift; path = AppModel.swift; sourceTree = "<group>"; };
		750B756026DE20B00039B9FF /* NewContainerView.swift */ = {isa = PBXFileReference; fileEncoding = 4; lastKnownFileType = sourcecode.swift; path = NewContainerView.swift; sourceTree = "<group>"; };
		750B756126DE20B10039B9FF /* NewItemView.swift */ = {isa = PBXFileReference; fileEncoding = 4; lastKnownFileType = sourcecode.swift; path = NewItemView.swift; sourceTree = "<group>"; };
		750B757526DE22020039B9FF /* Item+CoreDataClass.swift */ = {isa = PBXFileReference; lastKnownFileType = sourcecode.swift; path = "Item+CoreDataClass.swift"; sourceTree = "<group>"; };
		750B757626DE22020039B9FF /* Item+CoreDataProperties.swift */ = {isa = PBXFileReference; lastKnownFileType = sourcecode.swift; path = "Item+CoreDataProperties.swift"; sourceTree = "<group>"; };
		750B757726DE22020039B9FF /* Container+CoreDataClass.swift */ = {isa = PBXFileReference; lastKnownFileType = sourcecode.swift; path = "Container+CoreDataClass.swift"; sourceTree = "<group>"; };
		750B757826DE22020039B9FF /* Container+CoreDataProperties.swift */ = {isa = PBXFileReference; lastKnownFileType = sourcecode.swift; path = "Container+CoreDataProperties.swift"; sourceTree = "<group>"; };
		750B758E26DE246B0039B9FF /* Container.swift */ = {isa = PBXFileReference; lastKnownFileType = sourcecode.swift; path = Container.swift; sourceTree = "<group>"; };
		75AA309626DF91CD00C6A051 /* ItemViewModel.swift */ = {isa = PBXFileReference; lastKnownFileType = sourcecode.swift; path = ItemViewModel.swift; sourceTree = "<group>"; };
		75AA30AD26DF99DE00C6A051 /* ContainerView.swift */ = {isa = PBXFileReference; lastKnownFileType = sourcecode.swift; path = ContainerView.swift; sourceTree = "<group>"; };
		75AA30B426DF9A2700C6A051 /* ContainerViewModel.swift */ = {isa = PBXFileReference; lastKnownFileType = sourcecode.swift; path = ContainerViewModel.swift; sourceTree = "<group>"; };
		75AA30CE26E4A02D00C6A051 /* PackingListView.swift */ = {isa = PBXFileReference; lastKnownFileType = sourcecode.swift; path = PackingListView.swift; sourceTree = "<group>"; };
		75AA30DB26E4A37600C6A051 /* PackingList+CoreDataClass.swift */ = {isa = PBXFileReference; lastKnownFileType = sourcecode.swift; path = "PackingList+CoreDataClass.swift"; sourceTree = "<group>"; };
		75AA30DC26E4A37600C6A051 /* PackingList+CoreDataProperties.swift */ = {isa = PBXFileReference; lastKnownFileType = sourcecode.swift; path = "PackingList+CoreDataProperties.swift"; sourceTree = "<group>"; };
		75AA30F126E4A3D000C6A051 /* PackingList.swift */ = {isa = PBXFileReference; lastKnownFileType = sourcecode.swift; path = PackingList.swift; sourceTree = "<group>"; };
/* End PBXFileReference section */

/* Begin PBXFrameworksBuildPhase section */
		750B751D26DE20360039B9FF /* Frameworks */ = {
			isa = PBXFrameworksBuildPhase;
			buildActionMask = 2147483647;
			files = (
			);
			runOnlyForDeploymentPostprocessing = 0;
		};
		750B752526DE20360039B9FF /* Frameworks */ = {
			isa = PBXFrameworksBuildPhase;
			buildActionMask = 2147483647;
			files = (
			);
			runOnlyForDeploymentPostprocessing = 0;
		};
		750B752D26DE20360039B9FF /* Frameworks */ = {
			isa = PBXFrameworksBuildPhase;
			buildActionMask = 2147483647;
			files = (
			);
			runOnlyForDeploymentPostprocessing = 0;
		};
		750B753826DE20360039B9FF /* Frameworks */ = {
			isa = PBXFrameworksBuildPhase;
			buildActionMask = 2147483647;
			files = (
			);
			runOnlyForDeploymentPostprocessing = 0;
		};
/* End PBXFrameworksBuildPhase section */

/* Begin PBXGroup section */
		750B751026DE202E0039B9FF = {
			isa = PBXGroup;
			children = (
				750B758526DE22770039B9FF /* Core Data */,
				75AA30DA26E4A05E00C6A051 /* Models */,
				75AA30D926E4A05500C6A051 /* Views */,
				750B751526DE202F0039B9FF /* Shared */,
				750B752226DE20360039B9FF /* iOS */,
				750B752926DE20360039B9FF /* macOS */,
				750B753326DE20360039B9FF /* Tests iOS */,
				750B753E26DE20360039B9FF /* Tests macOS */,
				750B752126DE20360039B9FF /* Products */,
			);
			sourceTree = "<group>";
		};
		750B751526DE202F0039B9FF /* Shared */ = {
			isa = PBXGroup;
			children = (
				750B751826DE202F0039B9FF /* Pack_my_BagApp.swift */,
				750B751926DE202F0039B9FF /* ContentView.swift */,
				750B751A26DE202F0039B9FF /* Persistence.swift */,
				750B751B26DE20360039B9FF /* Assets.xcassets */,
				750B751626DE202F0039B9FF /* Pack_my_Bag.xcdatamodeld */,
			);
			path = Shared;
			sourceTree = "<group>";
		};
		750B752126DE20360039B9FF /* Products */ = {
			isa = PBXGroup;
			children = (
				750B752026DE20360039B9FF /* Pack my Bag.app */,
				750B752826DE20360039B9FF /* Pack my Bag.app */,
				750B753026DE20360039B9FF /* Tests iOS.xctest */,
				750B753B26DE20360039B9FF /* Tests macOS.xctest */,
			);
			name = Products;
			sourceTree = "<group>";
		};
		750B752226DE20360039B9FF /* iOS */ = {
			isa = PBXGroup;
			children = (
				750B752326DE20360039B9FF /* Info.plist */,
			);
			path = iOS;
			sourceTree = "<group>";
		};
		750B752926DE20360039B9FF /* macOS */ = {
			isa = PBXGroup;
			children = (
				750B752A26DE20360039B9FF /* Info.plist */,
				750B752B26DE20360039B9FF /* macOS.entitlements */,
			);
			path = macOS;
			sourceTree = "<group>";
		};
		750B753326DE20360039B9FF /* Tests iOS */ = {
			isa = PBXGroup;
			children = (
				750B753426DE20360039B9FF /* Tests_iOS.swift */,
				750B753626DE20360039B9FF /* Info.plist */,
			);
			path = "Tests iOS";
			sourceTree = "<group>";
		};
		750B753E26DE20360039B9FF /* Tests macOS */ = {
			isa = PBXGroup;
			children = (
				750B753F26DE20360039B9FF /* Tests_macOS.swift */,
				750B754126DE20360039B9FF /* Info.plist */,
			);
			path = "Tests macOS";
			sourceTree = "<group>";
		};
		750B758526DE22770039B9FF /* Core Data */ = {
			isa = PBXGroup;
			children = (
				750B757526DE22020039B9FF /* Item+CoreDataClass.swift */,
				750B757626DE22020039B9FF /* Item+CoreDataProperties.swift */,
				750B757726DE22020039B9FF /* Container+CoreDataClass.swift */,
				750B757826DE22020039B9FF /* Container+CoreDataProperties.swift */,
				750B758E26DE246B0039B9FF /* Container.swift */,
				75AA30DB26E4A37600C6A051 /* PackingList+CoreDataClass.swift */,
				75AA30DC26E4A37600C6A051 /* PackingList+CoreDataProperties.swift */,
				75AA30F126E4A3D000C6A051 /* PackingList.swift */,
			);
			path = "Core Data";
			sourceTree = "<group>";
		};
		75AA30D926E4A05500C6A051 /* Views */ = {
			isa = PBXGroup;
			children = (
				75AA30CE26E4A02D00C6A051 /* PackingListView.swift */,
				750B755E26DE20B00039B9FF /* ItemView.swift */,
				750B756126DE20B10039B9FF /* NewItemView.swift */,
				75AA30AD26DF99DE00C6A051 /* ContainerView.swift */,
				750B756026DE20B00039B9FF /* NewContainerView.swift */,
			);
			path = Views;
			sourceTree = "<group>";
		};
		75AA30DA26E4A05E00C6A051 /* Models */ = {
			isa = PBXGroup;
			children = (
				750B755F26DE20B00039B9FF /* AppModel.swift */,
				75AA309626DF91CD00C6A051 /* ItemViewModel.swift */,
				75AA30B426DF9A2700C6A051 /* ContainerViewModel.swift */,
			);
			path = Models;
			sourceTree = "<group>";
		};
/* End PBXGroup section */

/* Begin PBXNativeTarget section */
		750B751F26DE20360039B9FF /* Pack my Bag (iOS) */ = {
			isa = PBXNativeTarget;
			buildConfigurationList = 750B754E26DE20360039B9FF /* Build configuration list for PBXNativeTarget "Pack my Bag (iOS)" */;
			buildPhases = (
				750B751C26DE20360039B9FF /* Sources */,
				750B751D26DE20360039B9FF /* Frameworks */,
				750B751E26DE20360039B9FF /* Resources */,
			);
			buildRules = (
			);
			dependencies = (
			);
			name = "Pack my Bag (iOS)";
			productName = "Pack my Bag (iOS)";
			productReference = 750B752026DE20360039B9FF /* Pack my Bag.app */;
			productType = "com.apple.product-type.application";
		};
		750B752726DE20360039B9FF /* Pack my Bag (macOS) */ = {
			isa = PBXNativeTarget;
			buildConfigurationList = 750B755126DE20360039B9FF /* Build configuration list for PBXNativeTarget "Pack my Bag (macOS)" */;
			buildPhases = (
				750B752426DE20360039B9FF /* Sources */,
				750B752526DE20360039B9FF /* Frameworks */,
				750B752626DE20360039B9FF /* Resources */,
			);
			buildRules = (
			);
			dependencies = (
			);
			name = "Pack my Bag (macOS)";
			productName = "Pack my Bag (macOS)";
			productReference = 750B752826DE20360039B9FF /* Pack my Bag.app */;
			productType = "com.apple.product-type.application";
		};
		750B752F26DE20360039B9FF /* Tests iOS */ = {
			isa = PBXNativeTarget;
			buildConfigurationList = 750B755426DE20360039B9FF /* Build configuration list for PBXNativeTarget "Tests iOS" */;
			buildPhases = (
				750B752C26DE20360039B9FF /* Sources */,
				750B752D26DE20360039B9FF /* Frameworks */,
				750B752E26DE20360039B9FF /* Resources */,
			);
			buildRules = (
			);
			dependencies = (
				750B753226DE20360039B9FF /* PBXTargetDependency */,
			);
			name = "Tests iOS";
			productName = "Tests iOS";
			productReference = 750B753026DE20360039B9FF /* Tests iOS.xctest */;
			productType = "com.apple.product-type.bundle.ui-testing";
		};
		750B753A26DE20360039B9FF /* Tests macOS */ = {
			isa = PBXNativeTarget;
			buildConfigurationList = 750B755726DE20360039B9FF /* Build configuration list for PBXNativeTarget "Tests macOS" */;
			buildPhases = (
				750B753726DE20360039B9FF /* Sources */,
				750B753826DE20360039B9FF /* Frameworks */,
				750B753926DE20360039B9FF /* Resources */,
			);
			buildRules = (
			);
			dependencies = (
				750B753D26DE20360039B9FF /* PBXTargetDependency */,
			);
			name = "Tests macOS";
			productName = "Tests macOS";
			productReference = 750B753B26DE20360039B9FF /* Tests macOS.xctest */;
			productType = "com.apple.product-type.bundle.ui-testing";
		};
/* End PBXNativeTarget section */

/* Begin PBXProject section */
		750B751126DE202E0039B9FF /* Project object */ = {
			isa = PBXProject;
			attributes = {
				LastSwiftUpdateCheck = 1240;
				LastUpgradeCheck = 1240;
				TargetAttributes = {
					750B751F26DE20360039B9FF = {
						CreatedOnToolsVersion = 12.4;
					};
					750B752726DE20360039B9FF = {
						CreatedOnToolsVersion = 12.4;
					};
					750B752F26DE20360039B9FF = {
						CreatedOnToolsVersion = 12.4;
						TestTargetID = 750B751F26DE20360039B9FF;
					};
					750B753A26DE20360039B9FF = {
						CreatedOnToolsVersion = 12.4;
						TestTargetID = 750B752726DE20360039B9FF;
					};
				};
			};
			buildConfigurationList = 750B751426DE202E0039B9FF /* Build configuration list for PBXProject "Pack my Bag" */;
			compatibilityVersion = "Xcode 9.3";
			developmentRegion = en;
			hasScannedForEncodings = 0;
			knownRegions = (
				en,
				Base,
			);
			mainGroup = 750B751026DE202E0039B9FF;
			productRefGroup = 750B752126DE20360039B9FF /* Products */;
			projectDirPath = "";
			projectRoot = "";
			targets = (
				750B751F26DE20360039B9FF /* Pack my Bag (iOS) */,
				750B752726DE20360039B9FF /* Pack my Bag (macOS) */,
				750B752F26DE20360039B9FF /* Tests iOS */,
				750B753A26DE20360039B9FF /* Tests macOS */,
			);
		};
/* End PBXProject section */

/* Begin PBXResourcesBuildPhase section */
		750B751E26DE20360039B9FF /* Resources */ = {
			isa = PBXResourcesBuildPhase;
			buildActionMask = 2147483647;
			files = (
				750B754A26DE20360039B9FF /* Assets.xcassets in Resources */,
			);
			runOnlyForDeploymentPostprocessing = 0;
		};
		750B752626DE20360039B9FF /* Resources */ = {
			isa = PBXResourcesBuildPhase;
			buildActionMask = 2147483647;
			files = (
				750B754B26DE20360039B9FF /* Assets.xcassets in Resources */,
			);
			runOnlyForDeploymentPostprocessing = 0;
		};
		750B752E26DE20360039B9FF /* Resources */ = {
			isa = PBXResourcesBuildPhase;
			buildActionMask = 2147483647;
			files = (
			);
			runOnlyForDeploymentPostprocessing = 0;
		};
		750B753926DE20360039B9FF /* Resources */ = {
			isa = PBXResourcesBuildPhase;
			buildActionMask = 2147483647;
			files = (
			);
			runOnlyForDeploymentPostprocessing = 0;
		};
/* End PBXResourcesBuildPhase section */

/* Begin PBXSourcesBuildPhase section */
		750B751C26DE20360039B9FF /* Sources */ = {
			isa = PBXSourcesBuildPhase;
			buildActionMask = 2147483647;
			files = (
				75AA309726DF91CD00C6A051 /* ItemViewModel.swift in Sources */,
				750B757926DE22020039B9FF /* Item+CoreDataClass.swift in Sources */,
				750B756926DE20B10039B9FF /* NewItemView.swift in Sources */,
				750B754226DE20360039B9FF /* Pack_my_Bag.xcdatamodeld in Sources */,
				750B754826DE20360039B9FF /* Persistence.swift in Sources */,
				75AA30B526DF9A2700C6A051 /* ContainerViewModel.swift in Sources */,
				750B757F26DE22020039B9FF /* Container+CoreDataProperties.swift in Sources */,
				750B754426DE20360039B9FF /* Pack_my_BagApp.swift in Sources */,
				750B756726DE20B10039B9FF /* NewContainerView.swift in Sources */,
				75AA30DD26E4A37600C6A051 /* PackingList+CoreDataClass.swift in Sources */,
				75AA30CF26E4A02D00C6A051 /* PackingListView.swift in Sources */,
				750B756526DE20B10039B9FF /* AppModel.swift in Sources */,
				750B756326DE20B10039B9FF /* ItemView.swift in Sources */,
				75AA30DF26E4A37600C6A051 /* PackingList+CoreDataProperties.swift in Sources */,
				750B757B26DE22020039B9FF /* Item+CoreDataProperties.swift in Sources */,
				75AA30AE26DF99DE00C6A051 /* ContainerView.swift in Sources */,
				750B758F26DE246B0039B9FF /* Container.swift in Sources */,
				75AA30F226E4A3D000C6A051 /* PackingList.swift in Sources */,
				750B754626DE20360039B9FF /* ContentView.swift in Sources */,
				750B757D26DE22020039B9FF /* Container+CoreDataClass.swift in Sources */,
			);
			runOnlyForDeploymentPostprocessing = 0;
		};
		750B752426DE20360039B9FF /* Sources */ = {
			isa = PBXSourcesBuildPhase;
			buildActionMask = 2147483647;
			files = (
				75AA309826DF91CD00C6A051 /* ItemViewModel.swift in Sources */,
				750B757A26DE22020039B9FF /* Item+CoreDataClass.swift in Sources */,
				750B756A26DE20B10039B9FF /* NewItemView.swift in Sources */,
				750B754326DE20360039B9FF /* Pack_my_Bag.xcdatamodeld in Sources */,
				750B754926DE20360039B9FF /* Persistence.swift in Sources */,
				75AA30B626DF9A2700C6A051 /* ContainerViewModel.swift in Sources */,
				750B758026DE22020039B9FF /* Container+CoreDataProperties.swift in Sources */,
				750B754526DE20360039B9FF /* Pack_my_BagApp.swift in Sources */,
				750B756826DE20B10039B9FF /* NewContainerView.swift in Sources */,
				75AA30DE26E4A37600C6A051 /* PackingList+CoreDataClass.swift in Sources */,
				75AA30D026E4A02D00C6A051 /* PackingListView.swift in Sources */,
				750B756626DE20B10039B9FF /* AppModel.swift in Sources */,
				750B756426DE20B10039B9FF /* ItemView.swift in Sources */,
				75AA30E026E4A37600C6A051 /* PackingList+CoreDataProperties.swift in Sources */,
				750B757C26DE22020039B9FF /* Item+CoreDataProperties.swift in Sources */,
				75AA30AF26DF99DE00C6A051 /* ContainerView.swift in Sources */,
				750B759026DE246B0039B9FF /* Container.swift in Sources */,
				75AA30F326E4A3D000C6A051 /* PackingList.swift in Sources */,
				750B754726DE20360039B9FF /* ContentView.swift in Sources */,
				750B757E26DE22020039B9FF /* Container+CoreDataClass.swift in Sources */,
			);
			runOnlyForDeploymentPostprocessing = 0;
		};
		750B752C26DE20360039B9FF /* Sources */ = {
			isa = PBXSourcesBuildPhase;
			buildActionMask = 2147483647;
			files = (
				750B753526DE20360039B9FF /* Tests_iOS.swift in Sources */,
			);
			runOnlyForDeploymentPostprocessing = 0;
		};
		750B753726DE20360039B9FF /* Sources */ = {
			isa = PBXSourcesBuildPhase;
			buildActionMask = 2147483647;
			files = (
				750B754026DE20360039B9FF /* Tests_macOS.swift in Sources */,
			);
			runOnlyForDeploymentPostprocessing = 0;
		};
/* End PBXSourcesBuildPhase section */

/* Begin PBXTargetDependency section */
		750B753226DE20360039B9FF /* PBXTargetDependency */ = {
			isa = PBXTargetDependency;
			target = 750B751F26DE20360039B9FF /* Pack my Bag (iOS) */;
			targetProxy = 750B753126DE20360039B9FF /* PBXContainerItemProxy */;
		};
		750B753D26DE20360039B9FF /* PBXTargetDependency */ = {
			isa = PBXTargetDependency;
			target = 750B752726DE20360039B9FF /* Pack my Bag (macOS) */;
			targetProxy = 750B753C26DE20360039B9FF /* PBXContainerItemProxy */;
		};
/* End PBXTargetDependency section */

/* Begin XCBuildConfiguration section */
		750B754C26DE20360039B9FF /* Debug */ = {
			isa = XCBuildConfiguration;
			buildSettings = {
				ALWAYS_SEARCH_USER_PATHS = NO;
				CLANG_ANALYZER_NONNULL = YES;
				CLANG_ANALYZER_NUMBER_OBJECT_CONVERSION = YES_AGGRESSIVE;
				CLANG_CXX_LANGUAGE_STANDARD = "gnu++14";
				CLANG_CXX_LIBRARY = "libc++";
				CLANG_ENABLE_MODULES = YES;
				CLANG_ENABLE_OBJC_ARC = YES;
				CLANG_ENABLE_OBJC_WEAK = YES;
				CLANG_WARN_BLOCK_CAPTURE_AUTORELEASING = YES;
				CLANG_WARN_BOOL_CONVERSION = YES;
				CLANG_WARN_COMMA = YES;
				CLANG_WARN_CONSTANT_CONVERSION = YES;
				CLANG_WARN_DEPRECATED_OBJC_IMPLEMENTATIONS = YES;
				CLANG_WARN_DIRECT_OBJC_ISA_USAGE = YES_ERROR;
				CLANG_WARN_DOCUMENTATION_COMMENTS = YES;
				CLANG_WARN_EMPTY_BODY = YES;
				CLANG_WARN_ENUM_CONVERSION = YES;
				CLANG_WARN_INFINITE_RECURSION = YES;
				CLANG_WARN_INT_CONVERSION = YES;
				CLANG_WARN_NON_LITERAL_NULL_CONVERSION = YES;
				CLANG_WARN_OBJC_IMPLICIT_RETAIN_SELF = YES;
				CLANG_WARN_OBJC_LITERAL_CONVERSION = YES;
				CLANG_WARN_OBJC_ROOT_CLASS = YES_ERROR;
				CLANG_WARN_QUOTED_INCLUDE_IN_FRAMEWORK_HEADER = YES;
				CLANG_WARN_RANGE_LOOP_ANALYSIS = YES;
				CLANG_WARN_STRICT_PROTOTYPES = YES;
				CLANG_WARN_SUSPICIOUS_MOVE = YES;
				CLANG_WARN_UNGUARDED_AVAILABILITY = YES_AGGRESSIVE;
				CLANG_WARN_UNREACHABLE_CODE = YES;
				CLANG_WARN__DUPLICATE_METHOD_MATCH = YES;
				COPY_PHASE_STRIP = NO;
				DEBUG_INFORMATION_FORMAT = dwarf;
				ENABLE_STRICT_OBJC_MSGSEND = YES;
				ENABLE_TESTABILITY = YES;
				GCC_C_LANGUAGE_STANDARD = gnu11;
				GCC_DYNAMIC_NO_PIC = NO;
				GCC_NO_COMMON_BLOCKS = YES;
				GCC_OPTIMIZATION_LEVEL = 0;
				GCC_PREPROCESSOR_DEFINITIONS = (
					"DEBUG=1",
					"$(inherited)",
				);
				GCC_WARN_64_TO_32_BIT_CONVERSION = YES;
				GCC_WARN_ABOUT_RETURN_TYPE = YES_ERROR;
				GCC_WARN_UNDECLARED_SELECTOR = YES;
				GCC_WARN_UNINITIALIZED_AUTOS = YES_AGGRESSIVE;
				GCC_WARN_UNUSED_FUNCTION = YES;
				GCC_WARN_UNUSED_VARIABLE = YES;
				MTL_ENABLE_DEBUG_INFO = INCLUDE_SOURCE;
				MTL_FAST_MATH = YES;
				ONLY_ACTIVE_ARCH = YES;
				SWIFT_ACTIVE_COMPILATION_CONDITIONS = DEBUG;
				SWIFT_OPTIMIZATION_LEVEL = "-Onone";
			};
			name = Debug;
		};
		750B754D26DE20360039B9FF /* Release */ = {
			isa = XCBuildConfiguration;
			buildSettings = {
				ALWAYS_SEARCH_USER_PATHS = NO;
				CLANG_ANALYZER_NONNULL = YES;
				CLANG_ANALYZER_NUMBER_OBJECT_CONVERSION = YES_AGGRESSIVE;
				CLANG_CXX_LANGUAGE_STANDARD = "gnu++14";
				CLANG_CXX_LIBRARY = "libc++";
				CLANG_ENABLE_MODULES = YES;
				CLANG_ENABLE_OBJC_ARC = YES;
				CLANG_ENABLE_OBJC_WEAK = YES;
				CLANG_WARN_BLOCK_CAPTURE_AUTORELEASING = YES;
				CLANG_WARN_BOOL_CONVERSION = YES;
				CLANG_WARN_COMMA = YES;
				CLANG_WARN_CONSTANT_CONVERSION = YES;
				CLANG_WARN_DEPRECATED_OBJC_IMPLEMENTATIONS = YES;
				CLANG_WARN_DIRECT_OBJC_ISA_USAGE = YES_ERROR;
				CLANG_WARN_DOCUMENTATION_COMMENTS = YES;
				CLANG_WARN_EMPTY_BODY = YES;
				CLANG_WARN_ENUM_CONVERSION = YES;
				CLANG_WARN_INFINITE_RECURSION = YES;
				CLANG_WARN_INT_CONVERSION = YES;
				CLANG_WARN_NON_LITERAL_NULL_CONVERSION = YES;
				CLANG_WARN_OBJC_IMPLICIT_RETAIN_SELF = YES;
				CLANG_WARN_OBJC_LITERAL_CONVERSION = YES;
				CLANG_WARN_OBJC_ROOT_CLASS = YES_ERROR;
				CLANG_WARN_QUOTED_INCLUDE_IN_FRAMEWORK_HEADER = YES;
				CLANG_WARN_RANGE_LOOP_ANALYSIS = YES;
				CLANG_WARN_STRICT_PROTOTYPES = YES;
				CLANG_WARN_SUSPICIOUS_MOVE = YES;
				CLANG_WARN_UNGUARDED_AVAILABILITY = YES_AGGRESSIVE;
				CLANG_WARN_UNREACHABLE_CODE = YES;
				CLANG_WARN__DUPLICATE_METHOD_MATCH = YES;
				COPY_PHASE_STRIP = NO;
				DEBUG_INFORMATION_FORMAT = "dwarf-with-dsym";
				ENABLE_NS_ASSERTIONS = NO;
				ENABLE_STRICT_OBJC_MSGSEND = YES;
				GCC_C_LANGUAGE_STANDARD = gnu11;
				GCC_NO_COMMON_BLOCKS = YES;
				GCC_WARN_64_TO_32_BIT_CONVERSION = YES;
				GCC_WARN_ABOUT_RETURN_TYPE = YES_ERROR;
				GCC_WARN_UNDECLARED_SELECTOR = YES;
				GCC_WARN_UNINITIALIZED_AUTOS = YES_AGGRESSIVE;
				GCC_WARN_UNUSED_FUNCTION = YES;
				GCC_WARN_UNUSED_VARIABLE = YES;
				MTL_ENABLE_DEBUG_INFO = NO;
				MTL_FAST_MATH = YES;
				SWIFT_COMPILATION_MODE = wholemodule;
				SWIFT_OPTIMIZATION_LEVEL = "-O";
			};
			name = Release;
		};
		750B754F26DE20360039B9FF /* Debug */ = {
			isa = XCBuildConfiguration;
			buildSettings = {
				ASSETCATALOG_COMPILER_APPICON_NAME = AppIcon;
				ASSETCATALOG_COMPILER_GLOBAL_ACCENT_COLOR_NAME = AccentColor;
				CODE_SIGN_STYLE = Automatic;
				DEVELOPMENT_TEAM = A7CC3SF7S5;
				ENABLE_PREVIEWS = YES;
				INFOPLIST_FILE = iOS/Info.plist;
				IPHONEOS_DEPLOYMENT_TARGET = 14.0;
				LD_RUNPATH_SEARCH_PATHS = (
					"$(inherited)",
					"@executable_path/Frameworks",
				);
				PRODUCT_BUNDLE_IDENTIFIER = "mjw.Pack-my-Bag";
				PRODUCT_NAME = "Pack my Bag";
				SDKROOT = iphoneos;
				SWIFT_VERSION = 5.0;
				TARGETED_DEVICE_FAMILY = "1,2";
			};
			name = Debug;
		};
		750B755026DE20360039B9FF /* Release */ = {
			isa = XCBuildConfiguration;
			buildSettings = {
				ASSETCATALOG_COMPILER_APPICON_NAME = AppIcon;
				ASSETCATALOG_COMPILER_GLOBAL_ACCENT_COLOR_NAME = AccentColor;
				CODE_SIGN_STYLE = Automatic;
				DEVELOPMENT_TEAM = A7CC3SF7S5;
				ENABLE_PREVIEWS = YES;
				INFOPLIST_FILE = iOS/Info.plist;
				IPHONEOS_DEPLOYMENT_TARGET = 14.0;
				LD_RUNPATH_SEARCH_PATHS = (
					"$(inherited)",
					"@executable_path/Frameworks",
				);
				PRODUCT_BUNDLE_IDENTIFIER = "mjw.Pack-my-Bag";
				PRODUCT_NAME = "Pack my Bag";
				SDKROOT = iphoneos;
				SWIFT_VERSION = 5.0;
				TARGETED_DEVICE_FAMILY = "1,2";
				VALIDATE_PRODUCT = YES;
			};
			name = Release;
		};
		750B755226DE20360039B9FF /* Debug */ = {
			isa = XCBuildConfiguration;
			buildSettings = {
				ASSETCATALOG_COMPILER_APPICON_NAME = AppIcon;
				ASSETCATALOG_COMPILER_GLOBAL_ACCENT_COLOR_NAME = AccentColor;
				CODE_SIGN_ENTITLEMENTS = macOS/macOS.entitlements;
				CODE_SIGN_STYLE = Automatic;
				COMBINE_HIDPI_IMAGES = YES;
				DEVELOPMENT_TEAM = A7CC3SF7S5;
				ENABLE_HARDENED_RUNTIME = YES;
				ENABLE_PREVIEWS = YES;
				INFOPLIST_FILE = macOS/Info.plist;
				LD_RUNPATH_SEARCH_PATHS = (
					"$(inherited)",
					"@executable_path/../Frameworks",
				);
				MACOSX_DEPLOYMENT_TARGET = 11.0;
				PRODUCT_BUNDLE_IDENTIFIER = "mjw.Pack-my-Bag";
				PRODUCT_NAME = "Pack my Bag";
				SDKROOT = macosx;
				SWIFT_VERSION = 5.0;
			};
			name = Debug;
		};
		750B755326DE20360039B9FF /* Release */ = {
			isa = XCBuildConfiguration;
			buildSettings = {
				ASSETCATALOG_COMPILER_APPICON_NAME = AppIcon;
				ASSETCATALOG_COMPILER_GLOBAL_ACCENT_COLOR_NAME = AccentColor;
				CODE_SIGN_ENTITLEMENTS = macOS/macOS.entitlements;
				CODE_SIGN_STYLE = Automatic;
				COMBINE_HIDPI_IMAGES = YES;
				DEVELOPMENT_TEAM = A7CC3SF7S5;
				ENABLE_HARDENED_RUNTIME = YES;
				ENABLE_PREVIEWS = YES;
				INFOPLIST_FILE = macOS/Info.plist;
				LD_RUNPATH_SEARCH_PATHS = (
					"$(inherited)",
					"@executable_path/../Frameworks",
				);
				MACOSX_DEPLOYMENT_TARGET = 11.0;
				PRODUCT_BUNDLE_IDENTIFIER = "mjw.Pack-my-Bag";
				PRODUCT_NAME = "Pack my Bag";
				SDKROOT = macosx;
				SWIFT_VERSION = 5.0;
			};
			name = Release;
		};
		750B755526DE20360039B9FF /* Debug */ = {
			isa = XCBuildConfiguration;
			buildSettings = {
				ALWAYS_EMBED_SWIFT_STANDARD_LIBRARIES = YES;
				CODE_SIGN_STYLE = Automatic;
				DEVELOPMENT_TEAM = A7CC3SF7S5;
				INFOPLIST_FILE = "Tests iOS/Info.plist";
				IPHONEOS_DEPLOYMENT_TARGET = 14.4;
				LD_RUNPATH_SEARCH_PATHS = (
					"$(inherited)",
					"@executable_path/Frameworks",
					"@loader_path/Frameworks",
				);
				PRODUCT_BUNDLE_IDENTIFIER = "mjw.Tests-iOS";
				PRODUCT_NAME = "$(TARGET_NAME)";
				SDKROOT = iphoneos;
				SWIFT_VERSION = 5.0;
				TARGETED_DEVICE_FAMILY = "1,2";
				TEST_TARGET_NAME = "Pack my Bag (iOS)";
			};
			name = Debug;
		};
		750B755626DE20360039B9FF /* Release */ = {
			isa = XCBuildConfiguration;
			buildSettings = {
				ALWAYS_EMBED_SWIFT_STANDARD_LIBRARIES = YES;
				CODE_SIGN_STYLE = Automatic;
				DEVELOPMENT_TEAM = A7CC3SF7S5;
				INFOPLIST_FILE = "Tests iOS/Info.plist";
				IPHONEOS_DEPLOYMENT_TARGET = 14.4;
				LD_RUNPATH_SEARCH_PATHS = (
					"$(inherited)",
					"@executable_path/Frameworks",
					"@loader_path/Frameworks",
				);
				PRODUCT_BUNDLE_IDENTIFIER = "mjw.Tests-iOS";
				PRODUCT_NAME = "$(TARGET_NAME)";
				SDKROOT = iphoneos;
				SWIFT_VERSION = 5.0;
				TARGETED_DEVICE_FAMILY = "1,2";
				TEST_TARGET_NAME = "Pack my Bag (iOS)";
				VALIDATE_PRODUCT = YES;
			};
			name = Release;
		};
		750B755826DE20360039B9FF /* Debug */ = {
			isa = XCBuildConfiguration;
			buildSettings = {
				ALWAYS_EMBED_SWIFT_STANDARD_LIBRARIES = YES;
				CODE_SIGN_STYLE = Automatic;
				COMBINE_HIDPI_IMAGES = YES;
				DEVELOPMENT_TEAM = A7CC3SF7S5;
				INFOPLIST_FILE = "Tests macOS/Info.plist";
				LD_RUNPATH_SEARCH_PATHS = (
					"$(inherited)",
					"@executable_path/../Frameworks",
					"@loader_path/../Frameworks",
				);
				MACOSX_DEPLOYMENT_TARGET = 11.0;
				PRODUCT_BUNDLE_IDENTIFIER = "mjw.Tests-macOS";
				PRODUCT_NAME = "$(TARGET_NAME)";
				SDKROOT = macosx;
				SWIFT_VERSION = 5.0;
				TEST_TARGET_NAME = "Pack my Bag (macOS)";
			};
			name = Debug;
		};
		750B755926DE20360039B9FF /* Release */ = {
			isa = XCBuildConfiguration;
			buildSettings = {
				ALWAYS_EMBED_SWIFT_STANDARD_LIBRARIES = YES;
				CODE_SIGN_STYLE = Automatic;
				COMBINE_HIDPI_IMAGES = YES;
				DEVELOPMENT_TEAM = A7CC3SF7S5;
				INFOPLIST_FILE = "Tests macOS/Info.plist";
				LD_RUNPATH_SEARCH_PATHS = (
					"$(inherited)",
					"@executable_path/../Frameworks",
					"@loader_path/../Frameworks",
				);
				MACOSX_DEPLOYMENT_TARGET = 11.0;
				PRODUCT_BUNDLE_IDENTIFIER = "mjw.Tests-macOS";
				PRODUCT_NAME = "$(TARGET_NAME)";
				SDKROOT = macosx;
				SWIFT_VERSION = 5.0;
				TEST_TARGET_NAME = "Pack my Bag (macOS)";
			};
			name = Release;
		};
/* End XCBuildConfiguration section */

/* Begin XCConfigurationList section */
		750B751426DE202E0039B9FF /* Build configuration list for PBXProject "Pack my Bag" */ = {
			isa = XCConfigurationList;
			buildConfigurations = (
				750B754C26DE20360039B9FF /* Debug */,
				750B754D26DE20360039B9FF /* Release */,
			);
			defaultConfigurationIsVisible = 0;
			defaultConfigurationName = Release;
		};
		750B754E26DE20360039B9FF /* Build configuration list for PBXNativeTarget "Pack my Bag (iOS)" */ = {
			isa = XCConfigurationList;
			buildConfigurations = (
				750B754F26DE20360039B9FF /* Debug */,
				750B755026DE20360039B9FF /* Release */,
			);
			defaultConfigurationIsVisible = 0;
			defaultConfigurationName = Release;
		};
		750B755126DE20360039B9FF /* Build configuration list for PBXNativeTarget "Pack my Bag (macOS)" */ = {
			isa = XCConfigurationList;
			buildConfigurations = (
				750B755226DE20360039B9FF /* Debug */,
				750B755326DE20360039B9FF /* Release */,
			);
			defaultConfigurationIsVisible = 0;
			defaultConfigurationName = Release;
		};
		750B755426DE20360039B9FF /* Build configuration list for PBXNativeTarget "Tests iOS" */ = {
			isa = XCConfigurationList;
			buildConfigurations = (
				750B755526DE20360039B9FF /* Debug */,
				750B755626DE20360039B9FF /* Release */,
			);
			defaultConfigurationIsVisible = 0;
			defaultConfigurationName = Release;
		};
		750B755726DE20360039B9FF /* Build configuration list for PBXNativeTarget "Tests macOS" */ = {
			isa = XCConfigurationList;
			buildConfigurations = (
				750B755826DE20360039B9FF /* Debug */,
				750B755926DE20360039B9FF /* Release */,
			);
			defaultConfigurationIsVisible = 0;
			defaultConfigurationName = Release;
		};
/* End XCConfigurationList section */

/* Begin XCVersionGroup section */
		750B751626DE202F0039B9FF /* Pack_my_Bag.xcdatamodeld */ = {
			isa = XCVersionGroup;
			children = (
				750B751726DE202F0039B9FF /* Shared.xcdatamodel */,
			);
			currentVersion = 750B751726DE202F0039B9FF /* Shared.xcdatamodel */;
			path = Pack_my_Bag.xcdatamodeld;
			sourceTree = "<group>";
			versionGroupType = wrapper.xcdatamodel;
		};
/* End XCVersionGroup section */
	};
	rootObject = 750B751126DE202E0039B9FF /* Project object */;
}
